# This file was autogenerated by Stack.
# You should not edit this file by hand.
# For more information, please see the documentation at:
#   https://docs.haskellstack.org/en/stable/lock_files

packages:
- completed:
    hackage: mu-schema-0.3.0.0@sha256:1281c482e5e55538f818c99048df377e79e715fa837d296acbb9d27ead70c113,1619
    pantry-tree:
      size: 1061
      sha256: c5eb54875cadc536814ce00194cdc1bcf4eeed73323adefe70501b0602f75f85
  original:
    hackage: mu-schema-0.3.0.0
- completed:
    hackage: mu-rpc-0.3.0.0@sha256:7a3767b8e656bf800fdfb5f17c887d4bff09a514f0e504d471859c4252ea6aab,1141
    pantry-tree:
      size: 378
      sha256: 2565c04e69e3055f4c9a106247f8225b69c16cd3995ba2fea329ca669b01744f
  original:
    hackage: mu-rpc-0.3.0.0
- completed:
    hackage: mu-optics-0.3.0.0@sha256:264c25def14dc9dc03daa8b7218d27da4318b8f025b6758e53f6d2b9ebf68fb5,1017
    pantry-tree:
      size: 172
      sha256: 7319ceb3946441ab73ef19ef5252b316187d32c73b6a0204a99ce406af2951ca
  original:
    hackage: mu-optics-0.3.0.0
- completed:
    hackage: mu-avro-0.3.0.0@sha256:9636292478ab9a4a5d36156ce7d43b87e2c20a7b094309cc64d24a78b1ede718,1622
    pantry-tree:
      size: 479
      sha256: 8b45af6b54c2799c1f9cf6860b10061af59f82dd6165a8a34562cd634e6f33af
  original:
    hackage: mu-avro-0.3.0.0
- completed:
    hackage: mu-protobuf-0.3.0.0@sha256:b0535cc6c1b133d334b5c88df4eff08dbbb2b4f844795a54a40ca17b6141fd95,1722
    pantry-tree:
      size: 639
      sha256: a156a52b3654c362a3eff1a6c2ca250b3b5c76c8a8a38ef93aa3fe865fc4c1b2
  original:
    hackage: mu-protobuf-0.3.0.0
- completed:
    hackage: mu-grpc-server-0.3.0.0@sha256:09a98164190deb2ef0139984e6b2db2aeb583754331968c5b653cd7456176d39,1955
    pantry-tree:
      size: 334
      sha256: 74b21c1019808cc7f2728242201526203442331509dc91c1fbdf1221c5331c72
  original:
    hackage: mu-grpc-server-0.3.0.0
- completed:
    hackage: mu-grpc-common-0.3.0.0@sha256:7c3e4f28453feee467d0f310ec1ab5eff0f81397e111f0c9238b9ad733cc036c,1193
    pantry-tree:
      size: 281
      sha256: fe3be25be49c3b5a4288e6d9e95b34e895fa4226d39c10fff3e0323c6d425153
  original:
    hackage: mu-grpc-common-0.3.0.0
- completed:
    hackage: compendium-client-0.2.0.0@sha256:df13fb2814ab9a3bb57cb0ac34a28d3a0915c66c4eadc694552f7fe364d20988,1035
    pantry-tree:
      size: 181
      sha256: b6a1e3a4485a38cb51a6cde66f90f3f012c7fa55d65318293544e21e879918d0
  original:
    hackage: compendium-client-0.2.0.0
- completed:
    hackage: http2-client-0.9.0.0@sha256:b8885c89adcc8b9d4ebb9abf6ae0ac6336e3fdf947a2b1f2b95c4e2c8c4acf01,2685
    pantry-tree:
      size: 853
      sha256: d7a1be66eb14e84cfedd87e8363e406abb244bb74b742e8f0141efce27545008
  original:
    hackage: http2-client-0.9.0.0
- completed:
    hackage: http2-grpc-types-0.5.0.0@sha256:4d34edc06a48496130f19245817a7cd7ea15c78ac8815570c3795ffc4503cf27,1445
    pantry-tree:
      size: 405
      sha256: 3a1a94b87acd230b2f750f0077dc47177f37e46a2984b5764390207a83c4d5e4
  original:
    hackage: http2-grpc-types-0.5.0.0
- completed:
    hackage: http2-grpc-proto3-wire-0.1.0.0@sha256:2bd756b17a5dc802ea07f0322ab90c3c61272dfcf4b42772e7bbd91c1f3f4d35,1443
    pantry-tree:
      size: 341
      sha256: ba78beab26ad3d3e1c854c2a75001f70e49cb6aae4d1fb9ae76826f0667dfdfd
  original:
    hackage: http2-grpc-proto3-wire-0.1.0.0
- completed:
    hackage: warp-grpc-0.4.0.1@sha256:3859190e4fa23b944cf93ac691b3cec78c2adf4eaff6a4e8070c89fd17915add,1759
    pantry-tree:
      size: 709
      sha256: f542ef3e7e03b9cd0b2c0e0c436ce4e68ab37f56195740639034cc3cd28a6b9f
  original:
    hackage: warp-grpc-0.4.0.1
- completed:
    hackage: proto3-wire-1.1.0@sha256:a8fe11ec7c8d01ded2224a1ca43c53cdc09adefd197a3b21ab14b543923840f3,1993
    pantry-tree:
      size: 666
      sha256: c6b85d517d924449b19898c96ddc72added6272cbd9593472496e8c305b04fbd
  original:
    hackage: proto3-wire-1.1.0
- completed:
    hackage: language-protobuf-1.0.1@sha256:dad3a55ad97ae70da79212d1e6976640a26e644fe28a235ce263fcdfc7e67e6e,1016
    pantry-tree:
      size: 319
      sha256: 62aa22e1a28eef0b83f82358ea40a8e03e2795cbac724729488e28fad9e9d1bb
  original:
    hackage: language-protobuf-1.0.1
- completed:
    hackage: language-avro-0.1.3.1@sha256:fd63884752e4c1a64b4f11998c7bbc60ec1d81cdc951f75eb4cf0d32b2936fce,1313
    pantry-tree:
      size: 396
      sha256: daa03ec1b7192a05ce1295a484ad013273b825a2082869263bf219f348b13afd
  original:
    hackage: language-avro-0.1.3.1
- completed:
    hackage: avro-0.5.1.0@sha256:de9fceac6828434ba2448a3ded7ee9181b828af1fd5f7ff260867026e7f0704e,13040
    pantry-tree:
      size: 6974
      sha256: 30f8b05175be4f99f09f1689e2e44cbe1c5fda22d75df608a33f1359f060bce6
  original:
    hackage: avro-0.5.1.0
snapshots:
- completed:
    size: 494638
    url: https://raw.githubusercontent.com/commercialhaskell/stackage-snapshots/master/lts/15/11.yaml
    sha256: 5747328cdcbb8fe9c96fc048b5566167c80dd176a41b52d3b363058e3cc1dc5d
  original: lts-15.11
